
Microsoft Visual Studio Solution File, Format Version 12.00
# Visual Studio Version 17
VisualStudioVersion = 17.11.35327.3
MinimumVisualStudioVersion = 10.0.40219.1
Project("{FAE04EC0-301F-11D3-BF4B-00C04F79EFBC}") = "09_ParallelInheritanceHierarchies", "09_ParallelInheritanceHierarchies.csproj", "{C831DCF5-DA92-4289-9071-54B6FE672A23}"
EndProject
Global
	GlobalSection(SolutionConfigurationPlatforms) = preSolution
		Debug|Any CPU = Debug|Any CPU
		Release|Any CPU = Release|Any CPU
	EndGlobalSection
	GlobalSection(ProjectConfigurationPlatforms) = postSolution
		{C831DCF5-DA92-4289-9071-54B6FE672A23}.Debug|Any CPU.ActiveCfg = Debug|Any CPU
		{C831DCF5-DA92-4289-9071-54B6FE672A23}.Debug|Any CPU.Build.0 = Debug|Any CPU
		{C831DCF5-DA92-4289-9071-54B6FE672A23}.Release|Any CPU.ActiveCfg = Release|Any CPU
		{C831DCF5-DA92-4289-9071-54B6FE672A23}.Release|Any CPU.Build.0 = Release|Any CPU
	EndGlobalSection
	GlobalSection(SolutionProperties) = preSolution
		HideSolutionNode = FALSE
	EndGlobalSection
	GlobalSection(ExtensibilityGlobals) = postSolution
		SolutionGuid = {99A3C198-B78F-4FED-B9CD-32FFC0645F3F}
	EndGlobalSection
EndGlobal
