
Microsoft Visual Studio Solution File, Format Version 12.00
# Visual Studio Version 17
VisualStudioVersion = 17.11.35312.102
MinimumVisualStudioVersion = 10.0.40219.1
Project("{FAE04EC0-301F-11D3-BF4B-00C04F79EFBC}") = "01_Singleton", "01_Singleton.csproj", "{241CC64C-CC3F-4879-8C9A-A5AB2F8D5C25}"
EndProject
Global
	GlobalSection(SolutionConfigurationPlatforms) = preSolution
		Debug|Any CPU = Debug|Any CPU
		Release|Any CPU = Release|Any CPU
	EndGlobalSection
	GlobalSection(ProjectConfigurationPlatforms) = postSolution
		{241CC64C-CC3F-4879-8C9A-A5AB2F8D5C25}.Debug|Any CPU.ActiveCfg = Debug|Any CPU
		{241CC64C-CC3F-4879-8C9A-A5AB2F8D5C25}.Debug|Any CPU.Build.0 = Debug|Any CPU
		{241CC64C-CC3F-4879-8C9A-A5AB2F8D5C25}.Release|Any CPU.ActiveCfg = Release|Any CPU
		{241CC64C-CC3F-4879-8C9A-A5AB2F8D5C25}.Release|Any CPU.Build.0 = Release|Any CPU
	EndGlobalSection
	GlobalSection(SolutionProperties) = preSolution
		HideSolutionNode = FALSE
	EndGlobalSection
	GlobalSection(ExtensibilityGlobals) = postSolution
		SolutionGuid = {239A407C-C122-4D9A-BBD9-0B229F7506E6}
	EndGlobalSection
EndGlobal
