
Microsoft Visual Studio Solution File, Format Version 12.00
# Visual Studio Version 17
VisualStudioVersion = 17.11.35327.3
MinimumVisualStudioVersion = 10.0.40219.1
Project("{FAE04EC0-301F-11D3-BF4B-00C04F79EFBC}") = "09_Decorator", "09_Decorator.csproj", "{9FFAE5B7-D062-472D-BCA2-1AEF8A51F6EF}"
EndProject
Global
	GlobalSection(SolutionConfigurationPlatforms) = preSolution
		Debug|Any CPU = Debug|Any CPU
		Release|Any CPU = Release|Any CPU
	EndGlobalSection
	GlobalSection(ProjectConfigurationPlatforms) = postSolution
		{9FFAE5B7-D062-472D-BCA2-1AEF8A51F6EF}.Debug|Any CPU.ActiveCfg = Debug|Any CPU
		{9FFAE5B7-D062-472D-BCA2-1AEF8A51F6EF}.Debug|Any CPU.Build.0 = Debug|Any CPU
		{9FFAE5B7-D062-472D-BCA2-1AEF8A51F6EF}.Release|Any CPU.ActiveCfg = Release|Any CPU
		{9FFAE5B7-D062-472D-BCA2-1AEF8A51F6EF}.Release|Any CPU.Build.0 = Release|Any CPU
	EndGlobalSection
	GlobalSection(SolutionProperties) = preSolution
		HideSolutionNode = FALSE
	EndGlobalSection
	GlobalSection(ExtensibilityGlobals) = postSolution
		SolutionGuid = {ECDDA4C0-5EAB-45D1-98CD-0E29CB172029}
	EndGlobalSection
EndGlobal
