
Microsoft Visual Studio Solution File, Format Version 12.00
# Visual Studio Version 17
VisualStudioVersion = 17.11.35327.3
MinimumVisualStudioVersion = 10.0.40219.1
Project("{FAE04EC0-301F-11D3-BF4B-00C04F79EFBC}") = "13_LargeClass", "13_LargeClass.csproj", "{947C10A6-169A-4A4C-929B-9269BE7F2A97}"
EndProject
Global
	GlobalSection(SolutionConfigurationPlatforms) = preSolution
		Debug|Any CPU = Debug|Any CPU
		Release|Any CPU = Release|Any CPU
	EndGlobalSection
	GlobalSection(ProjectConfigurationPlatforms) = postSolution
		{947C10A6-169A-4A4C-929B-9269BE7F2A97}.Debug|Any CPU.ActiveCfg = Debug|Any CPU
		{947C10A6-169A-4A4C-929B-9269BE7F2A97}.Debug|Any CPU.Build.0 = Debug|Any CPU
		{947C10A6-169A-4A4C-929B-9269BE7F2A97}.Release|Any CPU.ActiveCfg = Release|Any CPU
		{947C10A6-169A-4A4C-929B-9269BE7F2A97}.Release|Any CPU.Build.0 = Release|Any CPU
	EndGlobalSection
	GlobalSection(SolutionProperties) = preSolution
		HideSolutionNode = FALSE
	EndGlobalSection
	GlobalSection(ExtensibilityGlobals) = postSolution
		SolutionGuid = {E8A47415-3737-4A21-984D-6FA1B5DA5D59}
	EndGlobalSection
EndGlobal
